
Microsoft Visual Studio Solution File, Format Version 12.00
# Visual Studio 2012
Project("{FAE04EC0-301F-11D3-BF4B-00C04F79EFBC}") = "VirtualControls", "VirtualControls\VirtualControls.csproj", "{533C1556-6014-4E37-881A-41B00EBD0782}"
EndProject
Project("{FAE04EC0-301F-11D3-BF4B-00C04F79EFBC}") = "Hooks", "Hooks\Hooks.csproj", "{036233C0-3AE7-4F58-B12E-4879894C3C80}"
EndProject
Project("{FAE04EC0-301F-11D3-BF4B-00C04F79EFBC}") = "Options", "Options\Options.csproj", "{54561B18-19D0-44DC-8BC0-8ECEC7E3EAD3}"
EndProject
Project("{FAE04EC0-301F-11D3-BF4B-00C04F79EFBC}") = "framework", "framework\framework.csproj", "{A43D721D-F005-4BB8-9816-CB3587B35D18}"
EndProject
Project("{FAE04EC0-301F-11D3-BF4B-00C04F79EFBC}") = "WindowsXception", "WindowsXception\WindowsXception.csproj", "{DB9C1B6F-E006-477C-8C1F-4221C67FD037}"
EndProject
Project("{FAE04EC0-301F-11D3-BF4B-00C04F79EFBC}") = "MultiTabber", "MultiTabber\MultiTabber.csproj", "{B9B97039-52FB-4111-B8A2-CBCE4981B894}"
EndProject
Project("{FAE04EC0-301F-11D3-BF4B-00C04F79EFBC}") = "Indicator", "Indicator\Indicator.csproj", "{993269DF-257A-47BF-9FC2-3BB21683D04F}"
EndProject
Project("{FAE04EC0-301F-11D3-BF4B-00C04F79EFBC}") = "hotKeys", "hotKeys\hotKeys.csproj", "{4D9F9DC5-9165-4AA3-8CA9-2898969C4045}"
EndProject
Project("{FAE04EC0-301F-11D3-BF4B-00C04F79EFBC}") = "Summary", "Summary\Summary.csproj", "{57204919-2490-4019-BDFB-64613190F301}"
EndProject
Project("{FAE04EC0-301F-11D3-BF4B-00C04F79EFBC}") = "TrayComp", "TrayComp\TrayComp.csproj", "{B33C3620-E875-414D-AEB0-5616525BCD1E}"
EndProject
Project("{FAE04EC0-301F-11D3-BF4B-00C04F79EFBC}") = "ExtManager", "ExtManager\ExtManager.csproj", "{6AA66B9A-9F78-4173-BF67-74EEC1CE2A2B}"
EndProject
Project("{6141683F-8A12-4E36-9623-2EB02B2C2303}") = "Multi-Taber", "Multi-Taber\Multi-Taber.isproj", "{489C344C-CEA3-41A0-A80F-51D1F0399116}"
	ProjectSection(ProjectDependencies) = postProject
		{B9B97039-52FB-4111-B8A2-CBCE4981B894} = {B9B97039-52FB-4111-B8A2-CBCE4981B894}
	EndProjectSection
EndProject
Global
	GlobalSection(TeamFoundationVersionControl) = preSolution
		SccNumberOfProjects = 13
		SccEnterpriseProvider = {4CA58AB2-18FA-4F8D-95D4-32DDF27D184C}
		SccTeamFoundationServer = https://daviddwyer.visualstudio.com/defaultcollection
		SccLocalPath0 = .
		SccProjectUniqueName1 = ExtManager\\ExtManager.csproj
		SccProjectName1 = ExtManager
		SccLocalPath1 = ExtManager
		SccProjectUniqueName2 = framework\\framework.csproj
		SccProjectName2 = framework
		SccLocalPath2 = framework
		SccProjectUniqueName3 = Hooks\\Hooks.csproj
		SccProjectName3 = Hooks
		SccLocalPath3 = Hooks
		SccProjectUniqueName4 = hotKeys\\hotKeys.csproj
		SccProjectName4 = hotKeys
		SccLocalPath4 = hotKeys
		SccProjectUniqueName5 = Indicator\\Indicator.csproj
		SccProjectName5 = Indicator
		SccLocalPath5 = Indicator
		SccProjectUniqueName6 = Multi-Taber\\Multi-Taber.isproj
		SccProjectName6 = Multi-Taber
		SccLocalPath6 = Multi-Taber
		SccProjectUniqueName7 = MultiTabber\\MultiTabber.csproj
		SccProjectName7 = MultiTabber
		SccLocalPath7 = MultiTabber
		SccProjectUniqueName8 = Options\\Options.csproj
		SccProjectName8 = Options
		SccLocalPath8 = Options
		SccProjectUniqueName9 = Summary\\Summary.csproj
		SccProjectName9 = Summary
		SccLocalPath9 = Summary
		SccProjectUniqueName10 = TrayComp\\TrayComp.csproj
		SccProjectName10 = TrayComp
		SccLocalPath10 = TrayComp
		SccProjectUniqueName11 = VirtualControls\\VirtualControls.csproj
		SccProjectName11 = VirtualControls
		SccLocalPath11 = VirtualControls
		SccProjectUniqueName12 = WindowsXception\\WindowsXception.csproj
		SccProjectName12 = WindowsXception
		SccLocalPath12 = WindowsXception
	EndGlobalSection
	GlobalSection(SolutionConfigurationPlatforms) = preSolution
		CD_ROM|Any CPU = CD_ROM|Any CPU
		CD_ROM|Mixed Platforms = CD_ROM|Mixed Platforms
		CD_ROM|x86 = CD_ROM|x86
		Debug|Any CPU = Debug|Any CPU
		Debug|Mixed Platforms = Debug|Mixed Platforms
		Debug|x86 = Debug|x86
		DVD-5|Any CPU = DVD-5|Any CPU
		DVD-5|Mixed Platforms = DVD-5|Mixed Platforms
		DVD-5|x86 = DVD-5|x86
		Release|Any CPU = Release|Any CPU
		Release|Mixed Platforms = Release|Mixed Platforms
		Release|x86 = Release|x86
		SingleImage|Any CPU = SingleImage|Any CPU
		SingleImage|Mixed Platforms = SingleImage|Mixed Platforms
		SingleImage|x86 = SingleImage|x86
	EndGlobalSection
	GlobalSection(ProjectConfigurationPlatforms) = postSolution
		{533C1556-6014-4E37-881A-41B00EBD0782}.CD_ROM|Any CPU.ActiveCfg = Release|Any CPU
		{533C1556-6014-4E37-881A-41B00EBD0782}.CD_ROM|Any CPU.Build.0 = Release|Any CPU
		{533C1556-6014-4E37-881A-41B00EBD0782}.CD_ROM|Mixed Platforms.ActiveCfg = Release|Any CPU
		{533C1556-6014-4E37-881A-41B00EBD0782}.CD_ROM|Mixed Platforms.Build.0 = Release|Any CPU
		{533C1556-6014-4E37-881A-41B00EBD0782}.CD_ROM|x86.ActiveCfg = Release|Any CPU
		{533C1556-6014-4E37-881A-41B00EBD0782}.Debug|Any CPU.ActiveCfg = Debug|Any CPU
		{533C1556-6014-4E37-881A-41B00EBD0782}.Debug|Any CPU.Build.0 = Debug|Any CPU
		{533C1556-6014-4E37-881A-41B00EBD0782}.Debug|Mixed Platforms.ActiveCfg = Debug|Any CPU
		{533C1556-6014-4E37-881A-41B00EBD0782}.Debug|Mixed Platforms.Build.0 = Debug|Any CPU
		{533C1556-6014-4E37-881A-41B00EBD0782}.Debug|x86.ActiveCfg = Debug|Any CPU
		{533C1556-6014-4E37-881A-41B00EBD0782}.DVD-5|Any CPU.ActiveCfg = Debug|Any CPU
		{533C1556-6014-4E37-881A-41B00EBD0782}.DVD-5|Any CPU.Build.0 = Debug|Any CPU
		{533C1556-6014-4E37-881A-41B00EBD0782}.DVD-5|Mixed Platforms.ActiveCfg = Debug|Any CPU
		{533C1556-6014-4E37-881A-41B00EBD0782}.DVD-5|Mixed Platforms.Build.0 = Debug|Any CPU
		{533C1556-6014-4E37-881A-41B00EBD0782}.DVD-5|x86.ActiveCfg = Debug|Any CPU
		{533C1556-6014-4E37-881A-41B00EBD0782}.Release|Any CPU.ActiveCfg = Release|Any CPU
		{533C1556-6014-4E37-881A-41B00EBD0782}.Release|Any CPU.Build.0 = Release|Any CPU
		{533C1556-6014-4E37-881A-41B00EBD0782}.Release|Mixed Platforms.ActiveCfg = Release|Any CPU
		{533C1556-6014-4E37-881A-41B00EBD0782}.Release|Mixed Platforms.Build.0 = Release|Any CPU
		{533C1556-6014-4E37-881A-41B00EBD0782}.Release|x86.ActiveCfg = Release|Any CPU
		{533C1556-6014-4E37-881A-41B00EBD0782}.SingleImage|Any CPU.ActiveCfg = Release|Any CPU
		{533C1556-6014-4E37-881A-41B00EBD0782}.SingleImage|Any CPU.Build.0 = Release|Any CPU
		{533C1556-6014-4E37-881A-41B00EBD0782}.SingleImage|Mixed Platforms.ActiveCfg = Release|Any CPU
		{533C1556-6014-4E37-881A-41B00EBD0782}.SingleImage|Mixed Platforms.Build.0 = Release|Any CPU
		{533C1556-6014-4E37-881A-41B00EBD0782}.SingleImage|x86.ActiveCfg = Release|Any CPU
		{036233C0-3AE7-4F58-B12E-4879894C3C80}.CD_ROM|Any CPU.ActiveCfg = Release|Any CPU
		{036233C0-3AE7-4F58-B12E-4879894C3C80}.CD_ROM|Any CPU.Build.0 = Release|Any CPU
		{036233C0-3AE7-4F58-B12E-4879894C3C80}.CD_ROM|Mixed Platforms.ActiveCfg = Release|Any CPU
		{036233C0-3AE7-4F58-B12E-4879894C3C80}.CD_ROM|Mixed Platforms.Build.0 = Release|Any CPU
		{036233C0-3AE7-4F58-B12E-4879894C3C80}.CD_ROM|x86.ActiveCfg = Release|Any CPU
		{036233C0-3AE7-4F58-B12E-4879894C3C80}.Debug|Any CPU.ActiveCfg = Debug|Any CPU
		{036233C0-3AE7-4F58-B12E-4879894C3C80}.Debug|Any CPU.Build.0 = Debug|Any CPU
		{036233C0-3AE7-4F58-B12E-4879894C3C80}.Debug|Mixed Platforms.ActiveCfg = Debug|Any CPU
		{036233C0-3AE7-4F58-B12E-4879894C3C80}.Debug|Mixed Platforms.Build.0 = Debug|Any CPU
		{036233C0-3AE7-4F58-B12E-4879894C3C80}.Debug|x86.ActiveCfg = Debug|Any CPU
		{036233C0-3AE7-4F58-B12E-4879894C3C80}.DVD-5|Any CPU.ActiveCfg = Debug|Any CPU
		{036233C0-3AE7-4F58-B12E-4879894C3C80}.DVD-5|Any CPU.Build.0 = Debug|Any CPU
		{036233C0-3AE7-4F58-B12E-4879894C3C80}.DVD-5|Mixed Platforms.ActiveCfg = Debug|Any CPU
		{036233C0-3AE7-4F58-B12E-4879894C3C80}.DVD-5|Mixed Platforms.Build.0 = Debug|Any CPU
		{036233C0-3AE7-4F58-B12E-4879894C3C80}.DVD-5|x86.ActiveCfg = Debug|Any CPU
		{036233C0-3AE7-4F58-B12E-4879894C3C80}.Release|Any CPU.ActiveCfg = Release|Any CPU
		{036233C0-3AE7-4F58-B12E-4879894C3C80}.Release|Any CPU.Build.0 = Release|Any CPU
		{036233C0-3AE7-4F58-B12E-4879894C3C80}.Release|Mixed Platforms.ActiveCfg = Release|Any CPU
		{036233C0-3AE7-4F58-B12E-4879894C3C80}.Release|Mixed Platforms.Build.0 = Release|Any CPU
		{036233C0-3AE7-4F58-B12E-4879894C3C80}.Release|x86.ActiveCfg = Release|Any CPU
		{036233C0-3AE7-4F58-B12E-4879894C3C80}.SingleImage|Any CPU.ActiveCfg = Release|Any CPU
		{036233C0-3AE7-4F58-B12E-4879894C3C80}.SingleImage|Any CPU.Build.0 = Release|Any CPU
		{036233C0-3AE7-4F58-B12E-4879894C3C80}.SingleImage|Mixed Platforms.ActiveCfg = Release|Any CPU
		{036233C0-3AE7-4F58-B12E-4879894C3C80}.SingleImage|Mixed Platforms.Build.0 = Release|Any CPU
		{036233C0-3AE7-4F58-B12E-4879894C3C80}.SingleImage|x86.ActiveCfg = Release|Any CPU
		{54561B18-19D0-44DC-8BC0-8ECEC7E3EAD3}.CD_ROM|Any CPU.ActiveCfg = Release|x86
		{54561B18-19D0-44DC-8BC0-8ECEC7E3EAD3}.CD_ROM|Mixed Platforms.ActiveCfg = Release|x86
		{54561B18-19D0-44DC-8BC0-8ECEC7E3EAD3}.CD_ROM|Mixed Platforms.Build.0 = Release|x86
		{54561B18-19D0-44DC-8BC0-8ECEC7E3EAD3}.CD_ROM|x86.ActiveCfg = Release|x86
		{54561B18-19D0-44DC-8BC0-8ECEC7E3EAD3}.CD_ROM|x86.Build.0 = Release|x86
		{54561B18-19D0-44DC-8BC0-8ECEC7E3EAD3}.Debug|Any CPU.ActiveCfg = Debug|x86
		{54561B18-19D0-44DC-8BC0-8ECEC7E3EAD3}.Debug|Any CPU.Build.0 = Debug|x86
		{54561B18-19D0-44DC-8BC0-8ECEC7E3EAD3}.Debug|Mixed Platforms.ActiveCfg = Debug|x86
		{54561B18-19D0-44DC-8BC0-8ECEC7E3EAD3}.Debug|Mixed Platforms.Build.0 = Debug|x86
		{54561B18-19D0-44DC-8BC0-8ECEC7E3EAD3}.Debug|x86.ActiveCfg = Debug|x86
		{54561B18-19D0-44DC-8BC0-8ECEC7E3EAD3}.Debug|x86.Build.0 = Debug|x86
		{54561B18-19D0-44DC-8BC0-8ECEC7E3EAD3}.DVD-5|Any CPU.ActiveCfg = Debug|x86
		{54561B18-19D0-44DC-8BC0-8ECEC7E3EAD3}.DVD-5|Mixed Platforms.ActiveCfg = Debug|x86
		{54561B18-19D0-44DC-8BC0-8ECEC7E3EAD3}.DVD-5|Mixed Platforms.Build.0 = Debug|x86
		{54561B18-19D0-44DC-8BC0-8ECEC7E3EAD3}.DVD-5|x86.ActiveCfg = Debug|x86
		{54561B18-19D0-44DC-8BC0-8ECEC7E3EAD3}.DVD-5|x86.Build.0 = Debug|x86
		{54561B18-19D0-44DC-8BC0-8ECEC7E3EAD3}.Release|Any CPU.ActiveCfg = Release|x86
		{54561B18-19D0-44DC-8BC0-8ECEC7E3EAD3}.Release|Any CPU.Build.0 = Release|x86
		{54561B18-19D0-44DC-8BC0-8ECEC7E3EAD3}.Release|Mixed Platforms.ActiveCfg = Release|x86
		{54561B18-19D0-44DC-8BC0-8ECEC7E3EAD3}.Release|Mixed Platforms.Build.0 = Release|x86
		{54561B18-19D0-44DC-8BC0-8ECEC7E3EAD3}.Release|x86.ActiveCfg = Release|x86
		{54561B18-19D0-44DC-8BC0-8ECEC7E3EAD3}.Release|x86.Build.0 = Release|x86
		{54561B18-19D0-44DC-8BC0-8ECEC7E3EAD3}.SingleImage|Any CPU.ActiveCfg = Release|x86
		{54561B18-19D0-44DC-8BC0-8ECEC7E3EAD3}.SingleImage|Mixed Platforms.ActiveCfg = Release|x86
		{54561B18-19D0-44DC-8BC0-8ECEC7E3EAD3}.SingleImage|Mixed Platforms.Build.0 = Release|x86
		{54561B18-19D0-44DC-8BC0-8ECEC7E3EAD3}.SingleImage|x86.ActiveCfg = Release|x86
		{54561B18-19D0-44DC-8BC0-8ECEC7E3EAD3}.SingleImage|x86.Build.0 = Release|x86
		{A43D721D-F005-4BB8-9816-CB3587B35D18}.CD_ROM|Any CPU.ActiveCfg = Release|Any CPU
		{A43D721D-F005-4BB8-9816-CB3587B35D18}.CD_ROM|Any CPU.Build.0 = Release|Any CPU
		{A43D721D-F005-4BB8-9816-CB3587B35D18}.CD_ROM|Mixed Platforms.ActiveCfg = Release|Any CPU
		{A43D721D-F005-4BB8-9816-CB3587B35D18}.CD_ROM|Mixed Platforms.Build.0 = Release|Any CPU
		{A43D721D-F005-4BB8-9816-CB3587B35D18}.CD_ROM|x86.ActiveCfg = Release|Any CPU
		{A43D721D-F005-4BB8-9816-CB3587B35D18}.Debug|Any CPU.ActiveCfg = Debug|Any CPU
		{A43D721D-F005-4BB8-9816-CB3587B35D18}.Debug|Any CPU.Build.0 = Debug|Any CPU
		{A43D721D-F005-4BB8-9816-CB3587B35D18}.Debug|Mixed Platforms.ActiveCfg = Debug|Any CPU
		{A43D721D-F005-4BB8-9816-CB3587B35D18}.Debug|Mixed Platforms.Build.0 = Debug|Any CPU
		{A43D721D-F005-4BB8-9816-CB3587B35D18}.Debug|x86.ActiveCfg = Debug|Any CPU
		{A43D721D-F005-4BB8-9816-CB3587B35D18}.DVD-5|Any CPU.ActiveCfg = Debug|Any CPU
		{A43D721D-F005-4BB8-9816-CB3587B35D18}.DVD-5|Any CPU.Build.0 = Debug|Any CPU
		{A43D721D-F005-4BB8-9816-CB3587B35D18}.DVD-5|Mixed Platforms.ActiveCfg = Debug|Any CPU
		{A43D721D-F005-4BB8-9816-CB3587B35D18}.DVD-5|Mixed Platforms.Build.0 = Debug|Any CPU
		{A43D721D-F005-4BB8-9816-CB3587B35D18}.DVD-5|x86.ActiveCfg = Debug|Any CPU
		{A43D721D-F005-4BB8-9816-CB3587B35D18}.Release|Any CPU.ActiveCfg = Release|Any CPU
		{A43D721D-F005-4BB8-9816-CB3587B35D18}.Release|Any CPU.Build.0 = Release|Any CPU
		{A43D721D-F005-4BB8-9816-CB3587B35D18}.Release|Mixed Platforms.ActiveCfg = Release|Any CPU
		{A43D721D-F005-4BB8-9816-CB3587B35D18}.Release|Mixed Platforms.Build.0 = Release|Any CPU
		{A43D721D-F005-4BB8-9816-CB3587B35D18}.Release|x86.ActiveCfg = Release|Any CPU
		{A43D721D-F005-4BB8-9816-CB3587B35D18}.SingleImage|Any CPU.ActiveCfg = Release|Any CPU
		{A43D721D-F005-4BB8-9816-CB3587B35D18}.SingleImage|Any CPU.Build.0 = Release|Any CPU
		{A43D721D-F005-4BB8-9816-CB3587B35D18}.SingleImage|Mixed Platforms.ActiveCfg = Release|Any CPU
		{A43D721D-F005-4BB8-9816-CB3587B35D18}.SingleImage|Mixed Platforms.Build.0 = Release|Any CPU
		{A43D721D-F005-4BB8-9816-CB3587B35D18}.SingleImage|x86.ActiveCfg = Release|Any CPU
		{DB9C1B6F-E006-477C-8C1F-4221C67FD037}.CD_ROM|Any CPU.ActiveCfg = Release|x86
		{DB9C1B6F-E006-477C-8C1F-4221C67FD037}.CD_ROM|Mixed Platforms.ActiveCfg = Release|x86
		{DB9C1B6F-E006-477C-8C1F-4221C67FD037}.CD_ROM|Mixed Platforms.Build.0 = Release|x86
		{DB9C1B6F-E006-477C-8C1F-4221C67FD037}.CD_ROM|x86.ActiveCfg = Release|x86
		{DB9C1B6F-E006-477C-8C1F-4221C67FD037}.CD_ROM|x86.Build.0 = Release|x86
		{DB9C1B6F-E006-477C-8C1F-4221C67FD037}.Debug|Any CPU.ActiveCfg = Debug|x86
		{DB9C1B6F-E006-477C-8C1F-4221C67FD037}.Debug|Any CPU.Build.0 = Debug|x86
		{DB9C1B6F-E006-477C-8C1F-4221C67FD037}.Debug|Mixed Platforms.ActiveCfg = Debug|x86
		{DB9C1B6F-E006-477C-8C1F-4221C67FD037}.Debug|Mixed Platforms.Build.0 = Debug|x86
		{DB9C1B6F-E006-477C-8C1F-4221C67FD037}.Debug|x86.ActiveCfg = Debug|x86
		{DB9C1B6F-E006-477C-8C1F-4221C67FD037}.Debug|x86.Build.0 = Debug|x86
		{DB9C1B6F-E006-477C-8C1F-4221C67FD037}.DVD-5|Any CPU.ActiveCfg = Debug|x86
		{DB9C1B6F-E006-477C-8C1F-4221C67FD037}.DVD-5|Mixed Platforms.ActiveCfg = Debug|x86
		{DB9C1B6F-E006-477C-8C1F-4221C67FD037}.DVD-5|Mixed Platforms.Build.0 = Debug|x86
		{DB9C1B6F-E006-477C-8C1F-4221C67FD037}.DVD-5|x86.ActiveCfg = Debug|x86
		{DB9C1B6F-E006-477C-8C1F-4221C67FD037}.DVD-5|x86.Build.0 = Debug|x86
		{DB9C1B6F-E006-477C-8C1F-4221C67FD037}.Release|Any CPU.ActiveCfg = Release|x86
		{DB9C1B6F-E006-477C-8C1F-4221C67FD037}.Release|Any CPU.Build.0 = Release|x86
		{DB9C1B6F-E006-477C-8C1F-4221C67FD037}.Release|Mixed Platforms.ActiveCfg = Release|x86
		{DB9C1B6F-E006-477C-8C1F-4221C67FD037}.Release|Mixed Platforms.Build.0 = Release|x86
		{DB9C1B6F-E006-477C-8C1F-4221C67FD037}.Release|x86.ActiveCfg = Release|x86
		{DB9C1B6F-E006-477C-8C1F-4221C67FD037}.Release|x86.Build.0 = Release|x86
		{DB9C1B6F-E006-477C-8C1F-4221C67FD037}.SingleImage|Any CPU.ActiveCfg = Release|x86
		{DB9C1B6F-E006-477C-8C1F-4221C67FD037}.SingleImage|Mixed Platforms.ActiveCfg = Release|x86
		{DB9C1B6F-E006-477C-8C1F-4221C67FD037}.SingleImage|Mixed Platforms.Build.0 = Release|x86
		{DB9C1B6F-E006-477C-8C1F-4221C67FD037}.SingleImage|x86.ActiveCfg = Release|x86
		{DB9C1B6F-E006-477C-8C1F-4221C67FD037}.SingleImage|x86.Build.0 = Release|x86
		{B9B97039-52FB-4111-B8A2-CBCE4981B894}.CD_ROM|Any CPU.ActiveCfg = Release|x86
		{B9B97039-52FB-4111-B8A2-CBCE4981B894}.CD_ROM|Mixed Platforms.ActiveCfg = Release|x86
		{B9B97039-52FB-4111-B8A2-CBCE4981B894}.CD_ROM|Mixed Platforms.Build.0 = Release|x86
		{B9B97039-52FB-4111-B8A2-CBCE4981B894}.CD_ROM|x86.ActiveCfg = Release|x86
		{B9B97039-52FB-4111-B8A2-CBCE4981B894}.CD_ROM|x86.Build.0 = Release|x86
		{B9B97039-52FB-4111-B8A2-CBCE4981B894}.Debug|Any CPU.ActiveCfg = Debug|x86
		{B9B97039-52FB-4111-B8A2-CBCE4981B894}.Debug|Mixed Platforms.ActiveCfg = Debug|x86
		{B9B97039-52FB-4111-B8A2-CBCE4981B894}.Debug|Mixed Platforms.Build.0 = Debug|x86
		{B9B97039-52FB-4111-B8A2-CBCE4981B894}.Debug|x86.ActiveCfg = Debug|x86
		{B9B97039-52FB-4111-B8A2-CBCE4981B894}.Debug|x86.Build.0 = Debug|x86
		{B9B97039-52FB-4111-B8A2-CBCE4981B894}.DVD-5|Any CPU.ActiveCfg = Debug|x86
		{B9B97039-52FB-4111-B8A2-CBCE4981B894}.DVD-5|Mixed Platforms.ActiveCfg = Debug|x86
		{B9B97039-52FB-4111-B8A2-CBCE4981B894}.DVD-5|Mixed Platforms.Build.0 = Debug|x86
		{B9B97039-52FB-4111-B8A2-CBCE4981B894}.DVD-5|x86.ActiveCfg = Debug|x86
		{B9B97039-52FB-4111-B8A2-CBCE4981B894}.DVD-5|x86.Build.0 = Debug|x86
		{B9B97039-52FB-4111-B8A2-CBCE4981B894}.Release|Any CPU.ActiveCfg = Release|x86
		{B9B97039-52FB-4111-B8A2-CBCE4981B894}.Release|Mixed Platforms.ActiveCfg = Release|x86
		{B9B97039-52FB-4111-B8A2-CBCE4981B894}.Release|Mixed Platforms.Build.0 = Release|x86
		{B9B97039-52FB-4111-B8A2-CBCE4981B894}.Release|x86.ActiveCfg = Release|x86
		{B9B97039-52FB-4111-B8A2-CBCE4981B894}.Release|x86.Build.0 = Release|x86
		{B9B97039-52FB-4111-B8A2-CBCE4981B894}.SingleImage|Any CPU.ActiveCfg = Release|x86
		{B9B97039-52FB-4111-B8A2-CBCE4981B894}.SingleImage|Mixed Platforms.ActiveCfg = Release|x86
		{B9B97039-52FB-4111-B8A2-CBCE4981B894}.SingleImage|Mixed Platforms.Build.0 = Release|x86
		{B9B97039-52FB-4111-B8A2-CBCE4981B894}.SingleImage|x86.ActiveCfg = Release|x86
		{B9B97039-52FB-4111-B8A2-CBCE4981B894}.SingleImage|x86.Build.0 = Release|x86
		{993269DF-257A-47BF-9FC2-3BB21683D04F}.CD_ROM|Any CPU.ActiveCfg = Release|x86
		{993269DF-257A-47BF-9FC2-3BB21683D04F}.CD_ROM|Mixed Platforms.ActiveCfg = Release|x86
		{993269DF-257A-47BF-9FC2-3BB21683D04F}.CD_ROM|Mixed Platforms.Build.0 = Release|x86
		{993269DF-257A-47BF-9FC2-3BB21683D04F}.CD_ROM|x86.ActiveCfg = Release|x86
		{993269DF-257A-47BF-9FC2-3BB21683D04F}.CD_ROM|x86.Build.0 = Release|x86
		{993269DF-257A-47BF-9FC2-3BB21683D04F}.Debug|Any CPU.ActiveCfg = Debug|x86
		{993269DF-257A-47BF-9FC2-3BB21683D04F}.Debug|Mixed Platforms.ActiveCfg = Debug|x86
		{993269DF-257A-47BF-9FC2-3BB21683D04F}.Debug|Mixed Platforms.Build.0 = Debug|x86
		{993269DF-257A-47BF-9FC2-3BB21683D04F}.Debug|x86.ActiveCfg = Debug|x86
		{993269DF-257A-47BF-9FC2-3BB21683D04F}.Debug|x86.Build.0 = Debug|x86
		{993269DF-257A-47BF-9FC2-3BB21683D04F}.DVD-5|Any CPU.ActiveCfg = Debug|x86
		{993269DF-257A-47BF-9FC2-3BB21683D04F}.DVD-5|Mixed Platforms.ActiveCfg = Debug|x86
		{993269DF-257A-47BF-9FC2-3BB21683D04F}.DVD-5|Mixed Platforms.Build.0 = Debug|x86
		{993269DF-257A-47BF-9FC2-3BB21683D04F}.DVD-5|x86.ActiveCfg = Debug|x86
		{993269DF-257A-47BF-9FC2-3BB21683D04F}.DVD-5|x86.Build.0 = Debug|x86
		{993269DF-257A-47BF-9FC2-3BB21683D04F}.Release|Any CPU.ActiveCfg = Release|x86
		{993269DF-257A-47BF-9FC2-3BB21683D04F}.Release|Mixed Platforms.ActiveCfg = Release|x86
		{993269DF-257A-47BF-9FC2-3BB21683D04F}.Release|Mixed Platforms.Build.0 = Release|x86
		{993269DF-257A-47BF-9FC2-3BB21683D04F}.Release|x86.ActiveCfg = Release|x86
		{993269DF-257A-47BF-9FC2-3BB21683D04F}.Release|x86.Build.0 = Release|x86
		{993269DF-257A-47BF-9FC2-3BB21683D04F}.SingleImage|Any CPU.ActiveCfg = Release|x86
		{993269DF-257A-47BF-9FC2-3BB21683D04F}.SingleImage|Mixed Platforms.ActiveCfg = Release|x86
		{993269DF-257A-47BF-9FC2-3BB21683D04F}.SingleImage|Mixed Platforms.Build.0 = Release|x86
		{993269DF-257A-47BF-9FC2-3BB21683D04F}.SingleImage|x86.ActiveCfg = Release|x86
		{993269DF-257A-47BF-9FC2-3BB21683D04F}.SingleImage|x86.Build.0 = Release|x86
		{4D9F9DC5-9165-4AA3-8CA9-2898969C4045}.CD_ROM|Any CPU.ActiveCfg = Release|x86
		{4D9F9DC5-9165-4AA3-8CA9-2898969C4045}.CD_ROM|Mixed Platforms.ActiveCfg = Release|x86
		{4D9F9DC5-9165-4AA3-8CA9-2898969C4045}.CD_ROM|Mixed Platforms.Build.0 = Release|x86
		{4D9F9DC5-9165-4AA3-8CA9-2898969C4045}.CD_ROM|x86.ActiveCfg = Release|x86
		{4D9F9DC5-9165-4AA3-8CA9-2898969C4045}.CD_ROM|x86.Build.0 = Release|x86
		{4D9F9DC5-9165-4AA3-8CA9-2898969C4045}.Debug|Any CPU.ActiveCfg = Debug|x86
		{4D9F9DC5-9165-4AA3-8CA9-2898969C4045}.Debug|Mixed Platforms.ActiveCfg = Debug|x86
		{4D9F9DC5-9165-4AA3-8CA9-2898969C4045}.Debug|Mixed Platforms.Build.0 = Debug|x86
		{4D9F9DC5-9165-4AA3-8CA9-2898969C4045}.Debug|x86.ActiveCfg = Debug|x86
		{4D9F9DC5-9165-4AA3-8CA9-2898969C4045}.Debug|x86.Build.0 = Debug|x86
		{4D9F9DC5-9165-4AA3-8CA9-2898969C4045}.DVD-5|Any CPU.ActiveCfg = Debug|x86
		{4D9F9DC5-9165-4AA3-8CA9-2898969C4045}.DVD-5|Mixed Platforms.ActiveCfg = Debug|x86
		{4D9F9DC5-9165-4AA3-8CA9-2898969C4045}.DVD-5|Mixed Platforms.Build.0 = Debug|x86
		{4D9F9DC5-9165-4AA3-8CA9-2898969C4045}.DVD-5|x86.ActiveCfg = Debug|x86
		{4D9F9DC5-9165-4AA3-8CA9-2898969C4045}.DVD-5|x86.Build.0 = Debug|x86
		{4D9F9DC5-9165-4AA3-8CA9-2898969C4045}.Release|Any CPU.ActiveCfg = Release|x86
		{4D9F9DC5-9165-4AA3-8CA9-2898969C4045}.Release|Mixed Platforms.ActiveCfg = Release|x86
		{4D9F9DC5-9165-4AA3-8CA9-2898969C4045}.Release|Mixed Platforms.Build.0 = Release|x86
		{4D9F9DC5-9165-4AA3-8CA9-2898969C4045}.Release|x86.ActiveCfg = Release|x86
		{4D9F9DC5-9165-4AA3-8CA9-2898969C4045}.Release|x86.Build.0 = Release|x86
		{4D9F9DC5-9165-4AA3-8CA9-2898969C4045}.SingleImage|Any CPU.ActiveCfg = Release|x86
		{4D9F9DC5-9165-4AA3-8CA9-2898969C4045}.SingleImage|Mixed Platforms.ActiveCfg = Release|x86
		{4D9F9DC5-9165-4AA3-8CA9-2898969C4045}.SingleImage|Mixed Platforms.Build.0 = Release|x86
		{4D9F9DC5-9165-4AA3-8CA9-2898969C4045}.SingleImage|x86.ActiveCfg = Release|x86
		{4D9F9DC5-9165-4AA3-8CA9-2898969C4045}.SingleImage|x86.Build.0 = Release|x86
		{57204919-2490-4019-BDFB-64613190F301}.CD_ROM|Any CPU.ActiveCfg = Release|Any CPU
		{57204919-2490-4019-BDFB-64613190F301}.CD_ROM|Any CPU.Build.0 = Release|Any CPU
		{57204919-2490-4019-BDFB-64613190F301}.CD_ROM|Mixed Platforms.ActiveCfg = Release|Any CPU
		{57204919-2490-4019-BDFB-64613190F301}.CD_ROM|Mixed Platforms.Build.0 = Release|Any CPU
		{57204919-2490-4019-BDFB-64613190F301}.CD_ROM|x86.ActiveCfg = Release|Any CPU
		{57204919-2490-4019-BDFB-64613190F301}.Debug|Any CPU.ActiveCfg = Debug|Any CPU
		{57204919-2490-4019-BDFB-64613190F301}.Debug|Any CPU.Build.0 = Debug|Any CPU
		{57204919-2490-4019-BDFB-64613190F301}.Debug|Mixed Platforms.ActiveCfg = Debug|Any CPU
		{57204919-2490-4019-BDFB-64613190F301}.Debug|Mixed Platforms.Build.0 = Debug|Any CPU
		{57204919-2490-4019-BDFB-64613190F301}.Debug|x86.ActiveCfg = Debug|Any CPU
		{57204919-2490-4019-BDFB-64613190F301}.DVD-5|Any CPU.ActiveCfg = Debug|Any CPU
		{57204919-2490-4019-BDFB-64613190F301}.DVD-5|Any CPU.Build.0 = Debug|Any CPU
		{57204919-2490-4019-BDFB-64613190F301}.DVD-5|Mixed Platforms.ActiveCfg = Debug|Any CPU
		{57204919-2490-4019-BDFB-64613190F301}.DVD-5|Mixed Platforms.Build.0 = Debug|Any CPU
		{57204919-2490-4019-BDFB-64613190F301}.DVD-5|x86.ActiveCfg = Debug|Any CPU
		{57204919-2490-4019-BDFB-64613190F301}.Release|Any CPU.ActiveCfg = Release|Any CPU
		{57204919-2490-4019-BDFB-64613190F301}.Release|Any CPU.Build.0 = Release|Any CPU
		{57204919-2490-4019-BDFB-64613190F301}.Release|Mixed Platforms.ActiveCfg = Release|Any CPU
		{57204919-2490-4019-BDFB-64613190F301}.Release|Mixed Platforms.Build.0 = Release|Any CPU
		{57204919-2490-4019-BDFB-64613190F301}.Release|x86.ActiveCfg = Release|Any CPU
		{57204919-2490-4019-BDFB-64613190F301}.SingleImage|Any CPU.ActiveCfg = Release|Any CPU
		{57204919-2490-4019-BDFB-64613190F301}.SingleImage|Any CPU.Build.0 = Release|Any CPU
		{57204919-2490-4019-BDFB-64613190F301}.SingleImage|Mixed Platforms.ActiveCfg = Release|Any CPU
		{57204919-2490-4019-BDFB-64613190F301}.SingleImage|Mixed Platforms.Build.0 = Release|Any CPU
		{57204919-2490-4019-BDFB-64613190F301}.SingleImage|x86.ActiveCfg = Release|Any CPU
		{B33C3620-E875-414D-AEB0-5616525BCD1E}.CD_ROM|Any CPU.ActiveCfg = Release|Any CPU
		{B33C3620-E875-414D-AEB0-5616525BCD1E}.CD_ROM|Any CPU.Build.0 = Release|Any CPU
		{B33C3620-E875-414D-AEB0-5616525BCD1E}.CD_ROM|Mixed Platforms.ActiveCfg = Release|Any CPU
		{B33C3620-E875-414D-AEB0-5616525BCD1E}.CD_ROM|Mixed Platforms.Build.0 = Release|Any CPU
		{B33C3620-E875-414D-AEB0-5616525BCD1E}.CD_ROM|x86.ActiveCfg = Release|Any CPU
		{B33C3620-E875-414D-AEB0-5616525BCD1E}.Debug|Any CPU.ActiveCfg = Debug|Any CPU
		{B33C3620-E875-414D-AEB0-5616525BCD1E}.Debug|Any CPU.Build.0 = Debug|Any CPU
		{B33C3620-E875-414D-AEB0-5616525BCD1E}.Debug|Mixed Platforms.ActiveCfg = Debug|Any CPU
		{B33C3620-E875-414D-AEB0-5616525BCD1E}.Debug|Mixed Platforms.Build.0 = Debug|Any CPU
		{B33C3620-E875-414D-AEB0-5616525BCD1E}.Debug|x86.ActiveCfg = Debug|Any CPU
		{B33C3620-E875-414D-AEB0-5616525BCD1E}.DVD-5|Any CPU.ActiveCfg = Debug|Any CPU
		{B33C3620-E875-414D-AEB0-5616525BCD1E}.DVD-5|Any CPU.Build.0 = Debug|Any CPU
		{B33C3620-E875-414D-AEB0-5616525BCD1E}.DVD-5|Mixed Platforms.ActiveCfg = Debug|Any CPU
		{B33C3620-E875-414D-AEB0-5616525BCD1E}.DVD-5|Mixed Platforms.Build.0 = Debug|Any CPU
		{B33C3620-E875-414D-AEB0-5616525BCD1E}.DVD-5|x86.ActiveCfg = Debug|Any CPU
		{B33C3620-E875-414D-AEB0-5616525BCD1E}.Release|Any CPU.ActiveCfg = Release|Any CPU
		{B33C3620-E875-414D-AEB0-5616525BCD1E}.Release|Any CPU.Build.0 = Release|Any CPU
		{B33C3620-E875-414D-AEB0-5616525BCD1E}.Release|Mixed Platforms.ActiveCfg = Release|Any CPU
		{B33C3620-E875-414D-AEB0-5616525BCD1E}.Release|Mixed Platforms.Build.0 = Release|Any CPU
		{B33C3620-E875-414D-AEB0-5616525BCD1E}.Release|x86.ActiveCfg = Release|Any CPU
		{B33C3620-E875-414D-AEB0-5616525BCD1E}.SingleImage|Any CPU.ActiveCfg = Release|Any CPU
		{B33C3620-E875-414D-AEB0-5616525BCD1E}.SingleImage|Any CPU.Build.0 = Release|Any CPU
		{B33C3620-E875-414D-AEB0-5616525BCD1E}.SingleImage|Mixed Platforms.ActiveCfg = Release|Any CPU
		{B33C3620-E875-414D-AEB0-5616525BCD1E}.SingleImage|Mixed Platforms.Build.0 = Release|Any CPU
		{B33C3620-E875-414D-AEB0-5616525BCD1E}.SingleImage|x86.ActiveCfg = Release|Any CPU
		{6AA66B9A-9F78-4173-BF67-74EEC1CE2A2B}.CD_ROM|Any CPU.ActiveCfg = Release|x86
		{6AA66B9A-9F78-4173-BF67-74EEC1CE2A2B}.CD_ROM|Mixed Platforms.ActiveCfg = Release|x86
		{6AA66B9A-9F78-4173-BF67-74EEC1CE2A2B}.CD_ROM|Mixed Platforms.Build.0 = Release|x86
		{6AA66B9A-9F78-4173-BF67-74EEC1CE2A2B}.CD_ROM|x86.ActiveCfg = Release|x86
		{6AA66B9A-9F78-4173-BF67-74EEC1CE2A2B}.CD_ROM|x86.Build.0 = Release|x86
		{6AA66B9A-9F78-4173-BF67-74EEC1CE2A2B}.Debug|Any CPU.ActiveCfg = Debug|x86
		{6AA66B9A-9F78-4173-BF67-74EEC1CE2A2B}.Debug|Mixed Platforms.ActiveCfg = Debug|x86
		{6AA66B9A-9F78-4173-BF67-74EEC1CE2A2B}.Debug|Mixed Platforms.Build.0 = Debug|x86
		{6AA66B9A-9F78-4173-BF67-74EEC1CE2A2B}.Debug|x86.ActiveCfg = Debug|x86
		{6AA66B9A-9F78-4173-BF67-74EEC1CE2A2B}.Debug|x86.Build.0 = Debug|x86
		{6AA66B9A-9F78-4173-BF67-74EEC1CE2A2B}.DVD-5|Any CPU.ActiveCfg = Debug|x86
		{6AA66B9A-9F78-4173-BF67-74EEC1CE2A2B}.DVD-5|Mixed Platforms.ActiveCfg = Debug|x86
		{6AA66B9A-9F78-4173-BF67-74EEC1CE2A2B}.DVD-5|Mixed Platforms.Build.0 = Debug|x86
		{6AA66B9A-9F78-4173-BF67-74EEC1CE2A2B}.DVD-5|x86.ActiveCfg = Debug|x86
		{6AA66B9A-9F78-4173-BF67-74EEC1CE2A2B}.DVD-5|x86.Build.0 = Debug|x86
		{6AA66B9A-9F78-4173-BF67-74EEC1CE2A2B}.Release|Any CPU.ActiveCfg = Release|x86
		{6AA66B9A-9F78-4173-BF67-74EEC1CE2A2B}.Release|Mixed Platforms.ActiveCfg = Release|x86
		{6AA66B9A-9F78-4173-BF67-74EEC1CE2A2B}.Release|Mixed Platforms.Build.0 = Release|x86
		{6AA66B9A-9F78-4173-BF67-74EEC1CE2A2B}.Release|x86.ActiveCfg = Release|x86
		{6AA66B9A-9F78-4173-BF67-74EEC1CE2A2B}.Release|x86.Build.0 = Release|x86
		{6AA66B9A-9F78-4173-BF67-74EEC1CE2A2B}.SingleImage|Any CPU.ActiveCfg = Release|x86
		{6AA66B9A-9F78-4173-BF67-74EEC1CE2A2B}.SingleImage|Mixed Platforms.ActiveCfg = Release|x86
		{6AA66B9A-9F78-4173-BF67-74EEC1CE2A2B}.SingleImage|Mixed Platforms.Build.0 = Release|x86
		{6AA66B9A-9F78-4173-BF67-74EEC1CE2A2B}.SingleImage|x86.ActiveCfg = Release|x86
		{6AA66B9A-9F78-4173-BF67-74EEC1CE2A2B}.SingleImage|x86.Build.0 = Release|x86
		{489C344C-CEA3-41A0-A80F-51D1F0399116}.CD_ROM|Any CPU.ActiveCfg = CD_ROM
		{489C344C-CEA3-41A0-A80F-51D1F0399116}.CD_ROM|Any CPU.Build.0 = CD_ROM
		{489C344C-CEA3-41A0-A80F-51D1F0399116}.CD_ROM|Mixed Platforms.ActiveCfg = CD_ROM
		{489C344C-CEA3-41A0-A80F-51D1F0399116}.CD_ROM|Mixed Platforms.Build.0 = CD_ROM
		{489C344C-CEA3-41A0-A80F-51D1F0399116}.CD_ROM|x86.ActiveCfg = CD_ROM
		{489C344C-CEA3-41A0-A80F-51D1F0399116}.CD_ROM|x86.Build.0 = CD_ROM
		{489C344C-CEA3-41A0-A80F-51D1F0399116}.Debug|Any CPU.ActiveCfg = DVD-5
		{489C344C-CEA3-41A0-A80F-51D1F0399116}.Debug|Any CPU.Build.0 = DVD-5
		{489C344C-CEA3-41A0-A80F-51D1F0399116}.Debug|Mixed Platforms.ActiveCfg = DVD-5
		{489C344C-CEA3-41A0-A80F-51D1F0399116}.Debug|Mixed Platforms.Build.0 = DVD-5
		{489C344C-CEA3-41A0-A80F-51D1F0399116}.Debug|x86.ActiveCfg = DVD-5
		{489C344C-CEA3-41A0-A80F-51D1F0399116}.Debug|x86.Build.0 = DVD-5
		{489C344C-CEA3-41A0-A80F-51D1F0399116}.DVD-5|Any CPU.ActiveCfg = DVD-5
		{489C344C-CEA3-41A0-A80F-51D1F0399116}.DVD-5|Any CPU.Build.0 = DVD-5
		{489C344C-CEA3-41A0-A80F-51D1F0399116}.DVD-5|Mixed Platforms.ActiveCfg = DVD-5
		{489C344C-CEA3-41A0-A80F-51D1F0399116}.DVD-5|Mixed Platforms.Build.0 = DVD-5
		{489C344C-CEA3-41A0-A80F-51D1F0399116}.DVD-5|x86.ActiveCfg = DVD-5
		{489C344C-CEA3-41A0-A80F-51D1F0399116}.DVD-5|x86.Build.0 = DVD-5
		{489C344C-CEA3-41A0-A80F-51D1F0399116}.Release|Any CPU.ActiveCfg = SingleImage
		{489C344C-CEA3-41A0-A80F-51D1F0399116}.Release|Any CPU.Build.0 = SingleImage
		{489C344C-CEA3-41A0-A80F-51D1F0399116}.Release|Mixed Platforms.ActiveCfg = SingleImage
		{489C344C-CEA3-41A0-A80F-51D1F0399116}.Release|Mixed Platforms.Build.0 = SingleImage
		{489C344C-CEA3-41A0-A80F-51D1F0399116}.Release|x86.ActiveCfg = SingleImage
		{489C344C-CEA3-41A0-A80F-51D1F0399116}.Release|x86.Build.0 = SingleImage
		{489C344C-CEA3-41A0-A80F-51D1F0399116}.SingleImage|Any CPU.ActiveCfg = SingleImage
		{489C344C-CEA3-41A0-A80F-51D1F0399116}.SingleImage|Any CPU.Build.0 = SingleImage
		{489C344C-CEA3-41A0-A80F-51D1F0399116}.SingleImage|Mixed Platforms.ActiveCfg = SingleImage
		{489C344C-CEA3-41A0-A80F-51D1F0399116}.SingleImage|Mixed Platforms.Build.0 = SingleImage
		{489C344C-CEA3-41A0-A80F-51D1F0399116}.SingleImage|x86.ActiveCfg = SingleImage
		{489C344C-CEA3-41A0-A80F-51D1F0399116}.SingleImage|x86.Build.0 = SingleImage
	EndGlobalSection
	GlobalSection(SolutionProperties) = preSolution
		HideSolutionNode = FALSE
	EndGlobalSection
EndGlobal
